
Microsoft Visual Studio Solution File, Format Version 12.00
# Visual Studio 15
VisualStudioVersion = 15.0.27703.2018
MinimumVisualStudioVersion = 10.0.40219.1
Project("{FAE04EC0-301F-11D3-BF4B-00C04F79EFBC}") = "CharacterManager", "CharacterManager\CharacterManager.csproj", "{389CC2C1-31CE-4DD3-9C9D-D26309A0F1F3}"
EndProject
Global
	GlobalSection(SolutionConfigurationPlatforms) = preSolution
		Debug|Any CPU = Debug|Any CPU
		Release|Any CPU = Release|Any CPU
	EndGlobalSection
	GlobalSection(ProjectConfigurationPlatforms) = postSolution
		{389CC2C1-31CE-4DD3-9C9D-D26309A0F1F3}.Debug|Any CPU.ActiveCfg = Debug|Any CPU
		{389CC2C1-31CE-4DD3-9C9D-D26309A0F1F3}.Debug|Any CPU.Build.0 = Debug|Any CPU
		{389CC2C1-31CE-4DD3-9C9D-D26309A0F1F3}.Release|Any CPU.ActiveCfg = Release|Any CPU
		{389CC2C1-31CE-4DD3-9C9D-D26309A0F1F3}.Release|Any CPU.Build.0 = Release|Any CPU
	EndGlobalSection
	GlobalSection(SolutionProperties) = preSolution
		HideSolutionNode = FALSE
	EndGlobalSection
	GlobalSection(ExtensibilityGlobals) = postSolution
		SolutionGuid = {7D4EE739-3794-4DA8-B574-56FA0FDABDD3}
	EndGlobalSection
EndGlobal
